
Microsoft Visual Studio Solution File, Format Version 12.00
# Visual Studio Version 17
VisualStudioVersion = 17.0.31903.59
MinimumVisualStudioVersion = 10.0.40219.1
Project("{2150E333-8FDC-42A3-9474-1A3956D46DE8}") = "src", "src", "{9E68EEB0-FDBF-42A0-9879-F713615D7E4C}"
EndProject
Project("{FAE04EC0-301F-11D3-BF4B-00C04F79EFBC}") = "AuctionService", "src\AuctionService\AuctionService.csproj", "{1D4F7483-F6D7-44C6-9473-37C730A0BB18}"
EndProject
Project("{FAE04EC0-301F-11D3-BF4B-00C04F79EFBC}") = "SearchService", "src\SearchService\SearchService.csproj", "{CE3DD39A-0885-4945-8369-0FB446289254}"
EndProject
Project("{FAE04EC0-301F-11D3-BF4B-00C04F79EFBC}") = "Contracts", "src\Contracts\Contracts.csproj", "{3C6F7731-66F0-41F5-A0DE-F9770620C85C}"
EndProject
Project("{FAE04EC0-301F-11D3-BF4B-00C04F79EFBC}") = "IdentityService", "src\IdentityService\IdentityService.csproj", "{505477EF-315F-465C-913E-754C6289429F}"
EndProject
Project("{FAE04EC0-301F-11D3-BF4B-00C04F79EFBC}") = "GatewayService", "src\GatewayService\GatewayService.csproj", "{B4AAD376-0911-4875-BCBA-63B358983639}"
EndProject
Project("{FAE04EC0-301F-11D3-BF4B-00C04F79EFBC}") = "BiddingService", "src\BiddingService\BiddingService.csproj", "{E8C18562-6105-4AE5-9846-8127A06243BE}"
EndProject
Global
	GlobalSection(SolutionConfigurationPlatforms) = preSolution
		Debug|Any CPU = Debug|Any CPU
		Release|Any CPU = Release|Any CPU
	EndGlobalSection
	GlobalSection(SolutionProperties) = preSolution
		HideSolutionNode = FALSE
	EndGlobalSection
	GlobalSection(ProjectConfigurationPlatforms) = postSolution
		{1D4F7483-F6D7-44C6-9473-37C730A0BB18}.Debug|Any CPU.ActiveCfg = Debug|Any CPU
		{1D4F7483-F6D7-44C6-9473-37C730A0BB18}.Debug|Any CPU.Build.0 = Debug|Any CPU
		{1D4F7483-F6D7-44C6-9473-37C730A0BB18}.Release|Any CPU.ActiveCfg = Release|Any CPU
		{1D4F7483-F6D7-44C6-9473-37C730A0BB18}.Release|Any CPU.Build.0 = Release|Any CPU
		{CE3DD39A-0885-4945-8369-0FB446289254}.Debug|Any CPU.ActiveCfg = Debug|Any CPU
		{CE3DD39A-0885-4945-8369-0FB446289254}.Debug|Any CPU.Build.0 = Debug|Any CPU
		{CE3DD39A-0885-4945-8369-0FB446289254}.Release|Any CPU.ActiveCfg = Release|Any CPU
		{CE3DD39A-0885-4945-8369-0FB446289254}.Release|Any CPU.Build.0 = Release|Any CPU
		{3C6F7731-66F0-41F5-A0DE-F9770620C85C}.Debug|Any CPU.ActiveCfg = Debug|Any CPU
		{3C6F7731-66F0-41F5-A0DE-F9770620C85C}.Debug|Any CPU.Build.0 = Debug|Any CPU
		{3C6F7731-66F0-41F5-A0DE-F9770620C85C}.Release|Any CPU.ActiveCfg = Release|Any CPU
		{3C6F7731-66F0-41F5-A0DE-F9770620C85C}.Release|Any CPU.Build.0 = Release|Any CPU
		{505477EF-315F-465C-913E-754C6289429F}.Debug|Any CPU.ActiveCfg = Debug|Any CPU
		{505477EF-315F-465C-913E-754C6289429F}.Debug|Any CPU.Build.0 = Debug|Any CPU
		{505477EF-315F-465C-913E-754C6289429F}.Release|Any CPU.ActiveCfg = Release|Any CPU
		{505477EF-315F-465C-913E-754C6289429F}.Release|Any CPU.Build.0 = Release|Any CPU
		{B4AAD376-0911-4875-BCBA-63B358983639}.Debug|Any CPU.ActiveCfg = Debug|Any CPU
		{B4AAD376-0911-4875-BCBA-63B358983639}.Debug|Any CPU.Build.0 = Debug|Any CPU
		{B4AAD376-0911-4875-BCBA-63B358983639}.Release|Any CPU.ActiveCfg = Release|Any CPU
		{B4AAD376-0911-4875-BCBA-63B358983639}.Release|Any CPU.Build.0 = Release|Any CPU
		{E8C18562-6105-4AE5-9846-8127A06243BE}.Debug|Any CPU.ActiveCfg = Debug|Any CPU
		{E8C18562-6105-4AE5-9846-8127A06243BE}.Debug|Any CPU.Build.0 = Debug|Any CPU
		{E8C18562-6105-4AE5-9846-8127A06243BE}.Release|Any CPU.ActiveCfg = Release|Any CPU
		{E8C18562-6105-4AE5-9846-8127A06243BE}.Release|Any CPU.Build.0 = Release|Any CPU
	EndGlobalSection
	GlobalSection(NestedProjects) = preSolution
		{1D4F7483-F6D7-44C6-9473-37C730A0BB18} = {9E68EEB0-FDBF-42A0-9879-F713615D7E4C}
		{CE3DD39A-0885-4945-8369-0FB446289254} = {9E68EEB0-FDBF-42A0-9879-F713615D7E4C}
		{3C6F7731-66F0-41F5-A0DE-F9770620C85C} = {9E68EEB0-FDBF-42A0-9879-F713615D7E4C}
		{505477EF-315F-465C-913E-754C6289429F} = {9E68EEB0-FDBF-42A0-9879-F713615D7E4C}
		{B4AAD376-0911-4875-BCBA-63B358983639} = {9E68EEB0-FDBF-42A0-9879-F713615D7E4C}
		{E8C18562-6105-4AE5-9846-8127A06243BE} = {9E68EEB0-FDBF-42A0-9879-F713615D7E4C}
	EndGlobalSection
EndGlobal
